
Microsoft Visual Studio Solution File, Format Version 12.00
# Visual Studio Version 17
VisualStudioVersion = 17.2.32526.322
MinimumVisualStudioVersion = 10.0.40219.1
Project("{FAE04EC0-301F-11D3-BF4B-00C04F79EFBC}") = "FizzBuzz", "FizzBuzz\FizzBuzz.csproj", "{58F77264-B9EE-4439-9F25-C43664ED12DC}"
EndProject
Project("{FAE04EC0-301F-11D3-BF4B-00C04F79EFBC}") = "FizzBuzz.Tests", "FizzBuzz.Tests\FizzBuzz.Tests.csproj", "{A55BB717-9D2A-4580-BC53-FB58268DB4AB}"
EndProject
Global
	GlobalSection(SolutionConfigurationPlatforms) = preSolution
		Debug|Any CPU = Debug|Any CPU
		Release|Any CPU = Release|Any CPU
	EndGlobalSection
	GlobalSection(ProjectConfigurationPlatforms) = postSolution
		{58F77264-B9EE-4439-9F25-C43664ED12DC}.Debug|Any CPU.ActiveCfg = Debug|Any CPU
		{58F77264-B9EE-4439-9F25-C43664ED12DC}.Debug|Any CPU.Build.0 = Debug|Any CPU
		{58F77264-B9EE-4439-9F25-C43664ED12DC}.Release|Any CPU.ActiveCfg = Release|Any CPU
		{58F77264-B9EE-4439-9F25-C43664ED12DC}.Release|Any CPU.Build.0 = Release|Any CPU
		{A55BB717-9D2A-4580-BC53-FB58268DB4AB}.Debug|Any CPU.ActiveCfg = Debug|Any CPU
		{A55BB717-9D2A-4580-BC53-FB58268DB4AB}.Debug|Any CPU.Build.0 = Debug|Any CPU
		{A55BB717-9D2A-4580-BC53-FB58268DB4AB}.Release|Any CPU.ActiveCfg = Release|Any CPU
		{A55BB717-9D2A-4580-BC53-FB58268DB4AB}.Release|Any CPU.Build.0 = Release|Any CPU
	EndGlobalSection
	GlobalSection(SolutionProperties) = preSolution
		HideSolutionNode = FALSE
	EndGlobalSection
	GlobalSection(ExtensibilityGlobals) = postSolution
		SolutionGuid = {4C2058B5-89E4-4D01-A213-A38A0046BACF}
	EndGlobalSection
EndGlobal
