
Microsoft Visual Studio Solution File, Format Version 12.00
# Visual Studio Version 17
VisualStudioVersion = 17.2.32526.322
MinimumVisualStudioVersion = 10.0.40219.1
Project("{FAE04EC0-301F-11D3-BF4B-00C04F79EFBC}") = "PrimeFactors", "PrimeFactors\PrimeFactors.csproj", "{682CDC92-286A-4E0A-81AF-F496A5BE528F}"
EndProject
Project("{FAE04EC0-301F-11D3-BF4B-00C04F79EFBC}") = "PrimeFactors.Tests", "PrimeFactors.Tests\PrimeFactors.Tests.csproj", "{16B923F0-71B2-4D25-AA3A-C2E98FC3B180}"
EndProject
Global
	GlobalSection(SolutionConfigurationPlatforms) = preSolution
		Debug|Any CPU = Debug|Any CPU
		Release|Any CPU = Release|Any CPU
	EndGlobalSection
	GlobalSection(ProjectConfigurationPlatforms) = postSolution
		{682CDC92-286A-4E0A-81AF-F496A5BE528F}.Debug|Any CPU.ActiveCfg = Debug|Any CPU
		{682CDC92-286A-4E0A-81AF-F496A5BE528F}.Debug|Any CPU.Build.0 = Debug|Any CPU
		{682CDC92-286A-4E0A-81AF-F496A5BE528F}.Release|Any CPU.ActiveCfg = Release|Any CPU
		{682CDC92-286A-4E0A-81AF-F496A5BE528F}.Release|Any CPU.Build.0 = Release|Any CPU
		{16B923F0-71B2-4D25-AA3A-C2E98FC3B180}.Debug|Any CPU.ActiveCfg = Debug|Any CPU
		{16B923F0-71B2-4D25-AA3A-C2E98FC3B180}.Debug|Any CPU.Build.0 = Debug|Any CPU
		{16B923F0-71B2-4D25-AA3A-C2E98FC3B180}.Release|Any CPU.ActiveCfg = Release|Any CPU
		{16B923F0-71B2-4D25-AA3A-C2E98FC3B180}.Release|Any CPU.Build.0 = Release|Any CPU
	EndGlobalSection
	GlobalSection(SolutionProperties) = preSolution
		HideSolutionNode = FALSE
	EndGlobalSection
	GlobalSection(ExtensibilityGlobals) = postSolution
		SolutionGuid = {75806631-CECC-4FEE-9775-A2797081B523}
	EndGlobalSection
EndGlobal
