
Microsoft Visual Studio Solution File, Format Version 12.00
# Visual Studio Version 17
VisualStudioVersion = 17.2.32526.322
MinimumVisualStudioVersion = 10.0.40219.1
Project("{FAE04EC0-301F-11D3-BF4B-00C04F79EFBC}") = "PrimeFactors", "PrimeFactors\PrimeFactors.csproj", "{45F69697-A5F5-484E-87C4-FD8955F67F76}"
EndProject
Project("{FAE04EC0-301F-11D3-BF4B-00C04F79EFBC}") = "PrimeFactors.Tests", "PrimeFactors.Tests\PrimeFactors.Tests.csproj", "{1C9022CC-4301-4C0D-AEF8-3899295CCA62}"
EndProject
Global
	GlobalSection(SolutionConfigurationPlatforms) = preSolution
		Debug|Any CPU = Debug|Any CPU
		Release|Any CPU = Release|Any CPU
	EndGlobalSection
	GlobalSection(ProjectConfigurationPlatforms) = postSolution
		{45F69697-A5F5-484E-87C4-FD8955F67F76}.Debug|Any CPU.ActiveCfg = Debug|Any CPU
		{45F69697-A5F5-484E-87C4-FD8955F67F76}.Debug|Any CPU.Build.0 = Debug|Any CPU
		{45F69697-A5F5-484E-87C4-FD8955F67F76}.Release|Any CPU.ActiveCfg = Release|Any CPU
		{45F69697-A5F5-484E-87C4-FD8955F67F76}.Release|Any CPU.Build.0 = Release|Any CPU
		{1C9022CC-4301-4C0D-AEF8-3899295CCA62}.Debug|Any CPU.ActiveCfg = Debug|Any CPU
		{1C9022CC-4301-4C0D-AEF8-3899295CCA62}.Debug|Any CPU.Build.0 = Debug|Any CPU
		{1C9022CC-4301-4C0D-AEF8-3899295CCA62}.Release|Any CPU.ActiveCfg = Release|Any CPU
		{1C9022CC-4301-4C0D-AEF8-3899295CCA62}.Release|Any CPU.Build.0 = Release|Any CPU
	EndGlobalSection
	GlobalSection(SolutionProperties) = preSolution
		HideSolutionNode = FALSE
	EndGlobalSection
	GlobalSection(ExtensibilityGlobals) = postSolution
		SolutionGuid = {80C19BB4-0440-4701-BAD9-01A4B8F459C4}
	EndGlobalSection
EndGlobal
