
Microsoft Visual Studio Solution File, Format Version 12.00
# Visual Studio Version 17
VisualStudioVersion = 17.2.32526.322
MinimumVisualStudioVersion = 10.0.40219.1
Project("{FAE04EC0-301F-11D3-BF4B-00C04F79EFBC}") = "PrimeFactors.Tests", "PrimeFactors.Tests\PrimeFactors.Tests.csproj", "{F0B35E5A-51B9-4F87-9C16-3B32FE069A06}"
EndProject
Project("{FAE04EC0-301F-11D3-BF4B-00C04F79EFBC}") = "PrimeFactors", "PrimeFactors\PrimeFactors.csproj", "{58865616-6654-4CDB-B22F-63397ECED456}"
EndProject
Global
	GlobalSection(SolutionConfigurationPlatforms) = preSolution
		Debug|Any CPU = Debug|Any CPU
		Release|Any CPU = Release|Any CPU
	EndGlobalSection
	GlobalSection(ProjectConfigurationPlatforms) = postSolution
		{F0B35E5A-51B9-4F87-9C16-3B32FE069A06}.Debug|Any CPU.ActiveCfg = Debug|Any CPU
		{F0B35E5A-51B9-4F87-9C16-3B32FE069A06}.Debug|Any CPU.Build.0 = Debug|Any CPU
		{F0B35E5A-51B9-4F87-9C16-3B32FE069A06}.Release|Any CPU.ActiveCfg = Release|Any CPU
		{F0B35E5A-51B9-4F87-9C16-3B32FE069A06}.Release|Any CPU.Build.0 = Release|Any CPU
		{58865616-6654-4CDB-B22F-63397ECED456}.Debug|Any CPU.ActiveCfg = Debug|Any CPU
		{58865616-6654-4CDB-B22F-63397ECED456}.Debug|Any CPU.Build.0 = Debug|Any CPU
		{58865616-6654-4CDB-B22F-63397ECED456}.Release|Any CPU.ActiveCfg = Release|Any CPU
		{58865616-6654-4CDB-B22F-63397ECED456}.Release|Any CPU.Build.0 = Release|Any CPU
	EndGlobalSection
	GlobalSection(SolutionProperties) = preSolution
		HideSolutionNode = FALSE
	EndGlobalSection
	GlobalSection(ExtensibilityGlobals) = postSolution
		SolutionGuid = {940DD87D-FA8F-4FD2-89D2-FD1FDC8C8032}
	EndGlobalSection
EndGlobal
