
Microsoft Visual Studio Solution File, Format Version 12.00
# Visual Studio Version 17
VisualStudioVersion = 17.2.32526.322
MinimumVisualStudioVersion = 10.0.40219.1
Project("{FAE04EC0-301F-11D3-BF4B-00C04F79EFBC}") = "PrimeFactors", "PrimeFactors\PrimeFactors.csproj", "{26FF6D4B-ED90-4202-84D7-E83E1E85DD59}"
EndProject
Project("{FAE04EC0-301F-11D3-BF4B-00C04F79EFBC}") = "PrimeFactors.Tests", "PrimeFactorsTests\PrimeFactors.Tests.csproj", "{4C2477F7-53FC-4AF3-AB83-420BECBC572B}"
EndProject
Global
	GlobalSection(SolutionConfigurationPlatforms) = preSolution
		Debug|Any CPU = Debug|Any CPU
		Release|Any CPU = Release|Any CPU
	EndGlobalSection
	GlobalSection(ProjectConfigurationPlatforms) = postSolution
		{26FF6D4B-ED90-4202-84D7-E83E1E85DD59}.Debug|Any CPU.ActiveCfg = Debug|Any CPU
		{26FF6D4B-ED90-4202-84D7-E83E1E85DD59}.Debug|Any CPU.Build.0 = Debug|Any CPU
		{26FF6D4B-ED90-4202-84D7-E83E1E85DD59}.Release|Any CPU.ActiveCfg = Release|Any CPU
		{26FF6D4B-ED90-4202-84D7-E83E1E85DD59}.Release|Any CPU.Build.0 = Release|Any CPU
		{4C2477F7-53FC-4AF3-AB83-420BECBC572B}.Debug|Any CPU.ActiveCfg = Debug|Any CPU
		{4C2477F7-53FC-4AF3-AB83-420BECBC572B}.Debug|Any CPU.Build.0 = Debug|Any CPU
		{4C2477F7-53FC-4AF3-AB83-420BECBC572B}.Release|Any CPU.ActiveCfg = Release|Any CPU
		{4C2477F7-53FC-4AF3-AB83-420BECBC572B}.Release|Any CPU.Build.0 = Release|Any CPU
	EndGlobalSection
	GlobalSection(SolutionProperties) = preSolution
		HideSolutionNode = FALSE
	EndGlobalSection
	GlobalSection(ExtensibilityGlobals) = postSolution
		SolutionGuid = {167B9967-2B67-4156-9DBF-15D0453815B6}
	EndGlobalSection
EndGlobal
